
Microsoft Visual Studio Solution File, Format Version 12.00
# Visual Studio 15
VisualStudioVersion = 15.0.27428.2043
MinimumVisualStudioVersion = 10.0.40219.1
Project("{9A19103F-16F7-4668-BE54-9A1E7A4F7556}") = "CommonLibraries", "CommonLibraries\CommonLibraries.csproj", "{8D5CA416-7A1A-442E-BD49-82899AA4204F}"
EndProject
Project("{9A19103F-16F7-4668-BE54-9A1E7A4F7556}") = "PingService", "PingService\PingService.csproj", "{942002ED-46BD-44B0-8BDC-E9B076515743}"
EndProject
Project("{FAE04EC0-301F-11D3-BF4B-00C04F79EFBC}") = "ReaderService", "ReaderService\ReaderService.csproj", "{70E9274A-7921-4F74-A1C1-B49E7E40B9BF}"
EndProject
Project("{FAE04EC0-301F-11D3-BF4B-00C04F79EFBC}") = "WriterService", "WriterService\WriterService.csproj", "{5C418FC0-89CA-4DF8-990B-4818F0B6C85E}"
EndProject
Global
	GlobalSection(SolutionConfigurationPlatforms) = preSolution
		Debug|Any CPU = Debug|Any CPU
		Release|Any CPU = Release|Any CPU
	EndGlobalSection
	GlobalSection(ProjectConfigurationPlatforms) = postSolution
		{8D5CA416-7A1A-442E-BD49-82899AA4204F}.Debug|Any CPU.ActiveCfg = Debug|Any CPU
		{8D5CA416-7A1A-442E-BD49-82899AA4204F}.Debug|Any CPU.Build.0 = Debug|Any CPU
		{8D5CA416-7A1A-442E-BD49-82899AA4204F}.Release|Any CPU.ActiveCfg = Release|Any CPU
		{8D5CA416-7A1A-442E-BD49-82899AA4204F}.Release|Any CPU.Build.0 = Release|Any CPU
		{942002ED-46BD-44B0-8BDC-E9B076515743}.Debug|Any CPU.ActiveCfg = Debug|Any CPU
		{942002ED-46BD-44B0-8BDC-E9B076515743}.Debug|Any CPU.Build.0 = Debug|Any CPU
		{942002ED-46BD-44B0-8BDC-E9B076515743}.Release|Any CPU.ActiveCfg = Release|Any CPU
		{942002ED-46BD-44B0-8BDC-E9B076515743}.Release|Any CPU.Build.0 = Release|Any CPU
		{70E9274A-7921-4F74-A1C1-B49E7E40B9BF}.Debug|Any CPU.ActiveCfg = Debug|Any CPU
		{70E9274A-7921-4F74-A1C1-B49E7E40B9BF}.Debug|Any CPU.Build.0 = Debug|Any CPU
		{70E9274A-7921-4F74-A1C1-B49E7E40B9BF}.Release|Any CPU.ActiveCfg = Release|Any CPU
		{70E9274A-7921-4F74-A1C1-B49E7E40B9BF}.Release|Any CPU.Build.0 = Release|Any CPU
		{5C418FC0-89CA-4DF8-990B-4818F0B6C85E}.Debug|Any CPU.ActiveCfg = Debug|Any CPU
		{5C418FC0-89CA-4DF8-990B-4818F0B6C85E}.Debug|Any CPU.Build.0 = Debug|Any CPU
		{5C418FC0-89CA-4DF8-990B-4818F0B6C85E}.Release|Any CPU.ActiveCfg = Release|Any CPU
		{5C418FC0-89CA-4DF8-990B-4818F0B6C85E}.Release|Any CPU.Build.0 = Release|Any CPU
	EndGlobalSection
	GlobalSection(SolutionProperties) = preSolution
		HideSolutionNode = FALSE
	EndGlobalSection
	GlobalSection(ExtensibilityGlobals) = postSolution
		SolutionGuid = {A9FAFCCE-596F-42D6-B6FD-3D5E4E814637}
	EndGlobalSection
EndGlobal
